
Microsoft Visual Studio Solution File, Format Version 12.00
# Visual Studio Version 16
VisualStudioVersion = 16.0.29418.71
MinimumVisualStudioVersion = 10.0.40219.1
Project("{FAE04EC0-301F-11D3-BF4B-00C04F79EFBC}") = "Lab5", "Lab5\Lab5.csproj", "{90510720-F24A-4B41-9BC8-0E180BC1DD5B}"
EndProject
Global
	GlobalSection(SolutionConfigurationPlatforms) = preSolution
		Debug|Any CPU = Debug|Any CPU
		Release|Any CPU = Release|Any CPU
	EndGlobalSection
	GlobalSection(ProjectConfigurationPlatforms) = postSolution
		{90510720-F24A-4B41-9BC8-0E180BC1DD5B}.Debug|Any CPU.ActiveCfg = Debug|Any CPU
		{90510720-F24A-4B41-9BC8-0E180BC1DD5B}.Debug|Any CPU.Build.0 = Debug|Any CPU
		{90510720-F24A-4B41-9BC8-0E180BC1DD5B}.Release|Any CPU.ActiveCfg = Release|Any CPU
		{90510720-F24A-4B41-9BC8-0E180BC1DD5B}.Release|Any CPU.Build.0 = Release|Any CPU
	EndGlobalSection
	GlobalSection(SolutionProperties) = preSolution
		HideSolutionNode = FALSE
	EndGlobalSection
	GlobalSection(ExtensibilityGlobals) = postSolution
		SolutionGuid = {9B1AD1D5-A43F-4BEE-A48F-6D682CB6BDC0}
	EndGlobalSection
EndGlobal
