
Microsoft Visual Studio Solution File, Format Version 12.00
# Visual Studio Version 16
VisualStudioVersion = 16.0.29418.71
MinimumVisualStudioVersion = 10.0.40219.1
Project("{FAE04EC0-301F-11D3-BF4B-00C04F79EFBC}") = "Lab3", "Lab3\Lab3.csproj", "{62612390-C5B0-4D8A-892E-77E41C174480}"
EndProject
Global
	GlobalSection(SolutionConfigurationPlatforms) = preSolution
		Debug|Any CPU = Debug|Any CPU
		Release|Any CPU = Release|Any CPU
	EndGlobalSection
	GlobalSection(ProjectConfigurationPlatforms) = postSolution
		{62612390-C5B0-4D8A-892E-77E41C174480}.Debug|Any CPU.ActiveCfg = Debug|Any CPU
		{62612390-C5B0-4D8A-892E-77E41C174480}.Debug|Any CPU.Build.0 = Debug|Any CPU
		{62612390-C5B0-4D8A-892E-77E41C174480}.Release|Any CPU.ActiveCfg = Release|Any CPU
		{62612390-C5B0-4D8A-892E-77E41C174480}.Release|Any CPU.Build.0 = Release|Any CPU
	EndGlobalSection
	GlobalSection(SolutionProperties) = preSolution
		HideSolutionNode = FALSE
	EndGlobalSection
	GlobalSection(ExtensibilityGlobals) = postSolution
		SolutionGuid = {718740F6-E4B4-4A11-B816-2162DB5CE9AB}
	EndGlobalSection
EndGlobal
